PODS:
  - Alamofire (5.6.2)
  - Kingfisher (6.3.1)

DEPENDENCIES:
  - Alamofire
  - Kingfisher

SPEC REPOS:
  trunk:
    - Alamofire
    - Kingfisher

SPEC CHECKSUMS:
  Alamofire: d368e1ff8a298e6dde360e35a3e68e6c610e7204
  Kingfisher: 016c8b653a35add51dd34a3aba36b580041acc74

PODFILE CHECKSUM: 6ef800ddcc1c5a0225f47eb6f6f2297b7e6167db

COCOAPODS: 1.11.3
