// !$*UTF8*$!
{
	archiveVersion = 1;
	classes = {
	};
	objectVersion = 55;
	objects = {

/* Begin PBXBuildFile section */
		4821D55028FB604E00D2CB91 /* CategoryCollectionViewCell.swift in Sources */ = {isa = PBXBuildFile; fileRef = 4821D54E28FB604E00D2CB91 /* CategoryCollectionViewCell.swift */; };
		4821D55128FB604E00D2CB91 /* CategoryCollectionViewCell.xib in Resources */ = {isa = PBXBuildFile; fileRef = 4821D54F28FB604E00D2CB91 /* CategoryCollectionViewCell.xib */; };
		4821D55328FB625B00D2CB91 /* DishCategory.swift in Sources */ = {isa = PBXBuildFile; fileRef = 4821D55228FB625B00D2CB91 /* DishCategory.swift */; };
		4821D55528FB62A500D2CB91 /* String+Ext.swift in Sources */ = {isa = PBXBuildFile; fileRef = 4821D55428FB62A500D2CB91 /* String+Ext.swift */; };
		4821D55728FB751C00D2CB91 /* HomeViewController.swift in Sources */ = {isa = PBXBuildFile; fileRef = 4821D55628FB751C00D2CB91 /* HomeViewController.swift */; };
		4821D55A28FB83ED00D2CB91 /* CardView.swift in Sources */ = {isa = PBXBuildFile; fileRef = 4821D55928FB83ED00D2CB91 /* CardView.swift */; };
		4821D55F28FB8A7500D2CB91 /* DishPortraitCollectionViewCell.swift in Sources */ = {isa = PBXBuildFile; fileRef = 4821D55D28FB8A7500D2CB91 /* DishPortraitCollectionViewCell.swift */; };
		4821D56028FB8A7500D2CB91 /* DishPortraitCollectionViewCell.xib in Resources */ = {isa = PBXBuildFile; fileRef = 4821D55E28FB8A7500D2CB91 /* DishPortraitCollectionViewCell.xib */; };
		4821D56228FB8BC400D2CB91 /* Dish.swift in Sources */ = {isa = PBXBuildFile; fileRef = 4821D56128FB8BC400D2CB91 /* Dish.swift */; };
		48364C0028F4C1C600E5DBE6 /* OnboardingViewController.swift in Sources */ = {isa = PBXBuildFile; fileRef = 48364BFF28F4C1C600E5DBE6 /* OnboardingViewController.swift */; };
		48364C0428F4C24100E5DBE6 /* OnboardingCollectionViewCell.swift in Sources */ = {isa = PBXBuildFile; fileRef = 48364C0328F4C24100E5DBE6 /* OnboardingCollectionViewCell.swift */; };
		48364C0628F4C28100E5DBE6 /* OnboardingSlide.swift in Sources */ = {isa = PBXBuildFile; fileRef = 48364C0528F4C28100E5DBE6 /* OnboardingSlide.swift */; };
		48364C0828F4C3FC00E5DBE6 /* UIView+Ext.swift in Sources */ = {isa = PBXBuildFile; fileRef = 48364C0728F4C3FC00E5DBE6 /* UIView+Ext.swift */; };
		489AA97428F1E93900787E3B /* AppDelegate.swift in Sources */ = {isa = PBXBuildFile; fileRef = 489AA97328F1E93900787E3B /* AppDelegate.swift */; };
		489AA97628F1E93900787E3B /* SceneDelegate.swift in Sources */ = {isa = PBXBuildFile; fileRef = 489AA97528F1E93900787E3B /* SceneDelegate.swift */; };
		489AA97B28F1E93900787E3B /* Main.storyboard in Resources */ = {isa = PBXBuildFile; fileRef = 489AA97928F1E93900787E3B /* Main.storyboard */; };
		489AA97D28F1E93C00787E3B /* Assets.xcassets in Resources */ = {isa = PBXBuildFile; fileRef = 489AA97C28F1E93C00787E3B /* Assets.xcassets */; };
		489AA98028F1E93C00787E3B /* LaunchScreen.storyboard in Resources */ = {isa = PBXBuildFile; fileRef = 489AA97E28F1E93C00787E3B /* LaunchScreen.storyboard */; };
		DF02BF651AE0C2EAFB7CEA0F /* Pods_Yummie.framework in Frameworks */ = {isa = PBXBuildFile; fileRef = 0E1D6A4A30C748044A07506D /* Pods_Yummie.framework */; };
/* End PBXBuildFile section */

/* Begin PBXFileReference section */
		0E1D6A4A30C748044A07506D /* Pods_Yummie.framework */ = {isa = PBXFileReference; explicitFileType = wrapper.framework; includeInIndex = 0; path = Pods_Yummie.framework; sourceTree = BUILT_PRODUCTS_DIR; };
		4821D54E28FB604E00D2CB91 /* CategoryCollectionViewCell.swift */ = {isa = PBXFileReference; lastKnownFileType = sourcecode.swift; path = CategoryCollectionViewCell.swift; sourceTree = "<group>"; };
		4821D54F28FB604E00D2CB91 /* CategoryCollectionViewCell.xib */ = {isa = PBXFileReference; lastKnownFileType = file.xib; path = CategoryCollectionViewCell.xib; sourceTree = "<group>"; };
		4821D55228FB625B00D2CB91 /* DishCategory.swift */ = {isa = PBXFileReference; lastKnownFileType = sourcecode.swift; path = DishCategory.swift; sourceTree = "<group>"; };
		4821D55428FB62A500D2CB91 /* String+Ext.swift */ = {isa = PBXFileReference; lastKnownFileType = sourcecode.swift; path = "String+Ext.swift"; sourceTree = "<group>"; };
		4821D55628FB751C00D2CB91 /* HomeViewController.swift */ = {isa = PBXFileReference; lastKnownFileType = sourcecode.swift; path = HomeViewController.swift; sourceTree = "<group>"; };
		4821D55928FB83ED00D2CB91 /* CardView.swift */ = {isa = PBXFileReference; lastKnownFileType = sourcecode.swift; path = CardView.swift; sourceTree = "<group>"; };
		4821D55D28FB8A7500D2CB91 /* DishPortraitCollectionViewCell.swift */ = {isa = PBXFileReference; lastKnownFileType = sourcecode.swift; path = DishPortraitCollectionViewCell.swift; sourceTree = "<group>"; };
		4821D55E28FB8A7500D2CB91 /* DishPortraitCollectionViewCell.xib */ = {isa = PBXFileReference; lastKnownFileType = file.xib; path = DishPortraitCollectionViewCell.xib; sourceTree = "<group>"; };
		4821D56128FB8BC400D2CB91 /* Dish.swift */ = {isa = PBXFileReference; lastKnownFileType = sourcecode.swift; path = Dish.swift; sourceTree = "<group>"; };
		48364BFF28F4C1C600E5DBE6 /* OnboardingViewController.swift */ = {isa = PBXFileReference; lastKnownFileType = sourcecode.swift; path = OnboardingViewController.swift; sourceTree = "<group>"; };
		48364C0328F4C24100E5DBE6 /* OnboardingCollectionViewCell.swift */ = {isa = PBXFileReference; lastKnownFileType = sourcecode.swift; path = OnboardingCollectionViewCell.swift; sourceTree = "<group>"; };
		48364C0528F4C28100E5DBE6 /* OnboardingSlide.swift */ = {isa = PBXFileReference; lastKnownFileType = sourcecode.swift; path = OnboardingSlide.swift; sourceTree = "<group>"; };
		48364C0728F4C3FC00E5DBE6 /* UIView+Ext.swift */ = {isa = PBXFileReference; lastKnownFileType = sourcecode.swift; path = "UIView+Ext.swift"; sourceTree = "<group>"; };
		489AA97028F1E93900787E3B /* Yummie.app */ = {isa = PBXFileReference; explicitFileType = wrapper.application; includeInIndex = 0; path = Yummie.app; sourceTree = BUILT_PRODUCTS_DIR; };
		489AA97328F1E93900787E3B /* AppDelegate.swift */ = {isa = PBXFileReference; lastKnownFileType = sourcecode.swift; path = AppDelegate.swift; sourceTree = "<group>"; };
		489AA97528F1E93900787E3B /* SceneDelegate.swift */ = {isa = PBXFileReference; lastKnownFileType = sourcecode.swift; path = SceneDelegate.swift; sourceTree = "<group>"; };
		489AA97A28F1E93900787E3B /* Base */ = {isa = PBXFileReference; lastKnownFileType = file.storyboard; name = Base; path = Base.lproj/Main.storyboard; sourceTree = "<group>"; };
		489AA97C28F1E93C00787E3B /* Assets.xcassets */ = {isa = PBXFileReference; lastKnownFileType = folder.assetcatalog; path = Assets.xcassets; sourceTree = "<group>"; };
		489AA97F28F1E93C00787E3B /* Base */ = {isa = PBXFileReference; lastKnownFileType = file.storyboard; name = Base; path = Base.lproj/LaunchScreen.storyboard; sourceTree = "<group>"; };
		489AA98128F1E93C00787E3B /* Info.plist */ = {isa = PBXFileReference; lastKnownFileType = text.plist.xml; path = Info.plist; sourceTree = "<group>"; };
		8915B6C8248B513CEF39CE70 /* Pods-Yummie.release.xcconfig */ = {isa = PBXFileReference; includeInIndex = 1; lastKnownFileType = text.xcconfig; name = "Pods-Yummie.release.xcconfig"; path = "Target Support Files/Pods-Yummie/Pods-Yummie.release.xcconfig"; sourceTree = "<group>"; };
		E1EAE4B15A8B97B561C61D77 /* Pods-Yummie.debug.xcconfig */ = {isa = PBXFileReference; includeInIndex = 1; lastKnownFileType = text.xcconfig; name = "Pods-Yummie.debug.xcconfig"; path = "Target Support Files/Pods-Yummie/Pods-Yummie.debug.xcconfig"; sourceTree = "<group>"; };
/* End PBXFileReference section */

/* Begin PBXFrameworksBuildPhase section */
		489AA96D28F1E93900787E3B /* Frameworks */ = {
			isa = PBXFrameworksBuildPhase;
			buildActionMask = 2147483647;
			files = (
				DF02BF651AE0C2EAFB7CEA0F /* Pods_Yummie.framework in Frameworks */,
			);
			runOnlyForDeploymentPostprocessing = 0;
		};
/* End PBXFrameworksBuildPhase section */

/* Begin PBXGroup section */
		039879B5FD5377AB57520DEE /* Frameworks */ = {
			isa = PBXGroup;
			children = (
				0E1D6A4A30C748044A07506D /* Pods_Yummie.framework */,
			);
			name = Frameworks;
			sourceTree = "<group>";
		};
		4821D55828FB83B500D2CB91 /* CustomViews */ = {
			isa = PBXGroup;
			children = (
				4821D55928FB83ED00D2CB91 /* CardView.swift */,
			);
			path = CustomViews;
			sourceTree = "<group>";
		};
		48364BFA28F4C14000E5DBE6 /* Model */ = {
			isa = PBXGroup;
			children = (
				48364C0528F4C28100E5DBE6 /* OnboardingSlide.swift */,
				4821D55228FB625B00D2CB91 /* DishCategory.swift */,
				4821D56128FB8BC400D2CB91 /* Dish.swift */,
			);
			path = Model;
			sourceTree = "<group>";
		};
		48364BFB28F4C14900E5DBE6 /* View */ = {
			isa = PBXGroup;
			children = (
				48364BFE28F4C16B00E5DBE6 /* Storyboards */,
				48364C0228F4C20100E5DBE6 /* TableViewCell */,
				48364C0128F4C1EB00E5DBE6 /* CollectionViewCell */,
				4821D55828FB83B500D2CB91 /* CustomViews */,
			);
			path = View;
			sourceTree = "<group>";
		};
		48364BFC28F4C15100E5DBE6 /* Controller */ = {
			isa = PBXGroup;
			children = (
				48364BFF28F4C1C600E5DBE6 /* OnboardingViewController.swift */,
				4821D55628FB751C00D2CB91 /* HomeViewController.swift */,
			);
			path = Controller;
			sourceTree = "<group>";
		};
		48364BFD28F4C16200E5DBE6 /* Extensions */ = {
			isa = PBXGroup;
			children = (
				48364C0728F4C3FC00E5DBE6 /* UIView+Ext.swift */,
				4821D55428FB62A500D2CB91 /* String+Ext.swift */,
			);
			path = Extensions;
			sourceTree = "<group>";
		};
		48364BFE28F4C16B00E5DBE6 /* Storyboards */ = {
			isa = PBXGroup;
			children = (
				489AA97E28F1E93C00787E3B /* LaunchScreen.storyboard */,
				489AA97928F1E93900787E3B /* Main.storyboard */,
			);
			path = Storyboards;
			sourceTree = "<group>";
		};
		48364C0128F4C1EB00E5DBE6 /* CollectionViewCell */ = {
			isa = PBXGroup;
			children = (
				48364C0328F4C24100E5DBE6 /* OnboardingCollectionViewCell.swift */,
				4821D54E28FB604E00D2CB91 /* CategoryCollectionViewCell.swift */,
				4821D54F28FB604E00D2CB91 /* CategoryCollectionViewCell.xib */,
				4821D55D28FB8A7500D2CB91 /* DishPortraitCollectionViewCell.swift */,
				4821D55E28FB8A7500D2CB91 /* DishPortraitCollectionViewCell.xib */,
			);
			path = CollectionViewCell;
			sourceTree = "<group>";
		};
		48364C0228F4C20100E5DBE6 /* TableViewCell */ = {
			isa = PBXGroup;
			children = (
			);
			path = TableViewCell;
			sourceTree = "<group>";
		};
		489AA96728F1E93900787E3B = {
			isa = PBXGroup;
			children = (
				489AA97228F1E93900787E3B /* Yummie */,
				489AA97128F1E93900787E3B /* Products */,
				8CE7FBE5D0308EBF8B6AE235 /* Pods */,
				039879B5FD5377AB57520DEE /* Frameworks */,
			);
			sourceTree = "<group>";
		};
		489AA97128F1E93900787E3B /* Products */ = {
			isa = PBXGroup;
			children = (
				489AA97028F1E93900787E3B /* Yummie.app */,
			);
			name = Products;
			sourceTree = "<group>";
		};
		489AA97228F1E93900787E3B /* Yummie */ = {
			isa = PBXGroup;
			children = (
				48364BFD28F4C16200E5DBE6 /* Extensions */,
				48364BFC28F4C15100E5DBE6 /* Controller */,
				48364BFB28F4C14900E5DBE6 /* View */,
				48364BFA28F4C14000E5DBE6 /* Model */,
				489AA97328F1E93900787E3B /* AppDelegate.swift */,
				489AA97528F1E93900787E3B /* SceneDelegate.swift */,
				489AA97C28F1E93C00787E3B /* Assets.xcassets */,
				489AA98128F1E93C00787E3B /* Info.plist */,
			);
			path = Yummie;
			sourceTree = "<group>";
		};
		8CE7FBE5D0308EBF8B6AE235 /* Pods */ = {
			isa = PBXGroup;
			children = (
				E1EAE4B15A8B97B561C61D77 /* Pods-Yummie.debug.xcconfig */,
				8915B6C8248B513CEF39CE70 /* Pods-Yummie.release.xcconfig */,
			);
			path = Pods;
			sourceTree = "<group>";
		};
/* End PBXGroup section */

/* Begin PBXNativeTarget section */
		489AA96F28F1E93900787E3B /* Yummie */ = {
			isa = PBXNativeTarget;
			buildConfigurationList = 489AA98428F1E93C00787E3B /* Build configuration list for PBXNativeTarget "Yummie" */;
			buildPhases = (
				ABA69DA68261703F2F826A00 /* [CP] Check Pods Manifest.lock */,
				489AA96C28F1E93900787E3B /* Sources */,
				489AA96D28F1E93900787E3B /* Frameworks */,
				489AA96E28F1E93900787E3B /* Resources */,
				5B0FE17D9F01F3374AE44878 /* [CP] Embed Pods Frameworks */,
			);
			buildRules = (
			);
			dependencies = (
			);
			name = Yummie;
			productName = Yummie;
			productReference = 489AA97028F1E93900787E3B /* Yummie.app */;
			productType = "com.apple.product-type.application";
		};
/* End PBXNativeTarget section */

/* Begin PBXProject section */
		489AA96828F1E93900787E3B /* Project object */ = {
			isa = PBXProject;
			attributes = {
				BuildIndependentTargetsInParallel = 1;
				LastSwiftUpdateCheck = 1320;
				LastUpgradeCheck = 1320;
				TargetAttributes = {
					489AA96F28F1E93900787E3B = {
						CreatedOnToolsVersion = 13.2;
					};
				};
			};
			buildConfigurationList = 489AA96B28F1E93900787E3B /* Build configuration list for PBXProject "Yummie" */;
			compatibilityVersion = "Xcode 13.0";
			developmentRegion = en;
			hasScannedForEncodings = 0;
			knownRegions = (
				en,
				Base,
			);
			mainGroup = 489AA96728F1E93900787E3B;
			productRefGroup = 489AA97128F1E93900787E3B /* Products */;
			projectDirPath = "";
			projectRoot = "";
			targets = (
				489AA96F28F1E93900787E3B /* Yummie */,
			);
		};
/* End PBXProject section */

/* Begin PBXResourcesBuildPhase section */
		489AA96E28F1E93900787E3B /* Resources */ = {
			isa = PBXResourcesBuildPhase;
			buildActionMask = 2147483647;
			files = (
				4821D55128FB604E00D2CB91 /* CategoryCollectionViewCell.xib in Resources */,
				489AA98028F1E93C00787E3B /* LaunchScreen.storyboard in Resources */,
				4821D56028FB8A7500D2CB91 /* DishPortraitCollectionViewCell.xib in Resources */,
				489AA97D28F1E93C00787E3B /* Assets.xcassets in Resources */,
				489AA97B28F1E93900787E3B /* Main.storyboard in Resources */,
			);
			runOnlyForDeploymentPostprocessing = 0;
		};
/* End PBXResourcesBuildPhase section */

/* Begin PBXShellScriptBuildPhase section */
		5B0FE17D9F01F3374AE44878 /* [CP] Embed Pods Frameworks */ = {
			isa = PBXShellScriptBuildPhase;
			buildActionMask = 2147483647;
			files = (
			);
			inputFileListPaths = (
				"${PODS_ROOT}/Target Support Files/Pods-Yummie/Pods-Yummie-frameworks-${CONFIGURATION}-input-files.xcfilelist",
			);
			name = "[CP] Embed Pods Frameworks";
			outputFileListPaths = (
				"${PODS_ROOT}/Target Support Files/Pods-Yummie/Pods-Yummie-frameworks-${CONFIGURATION}-output-files.xcfilelist",
			);
			runOnlyForDeploymentPostprocessing = 0;
			shellPath = /bin/sh;
			shellScript = "\"${PODS_ROOT}/Target Support Files/Pods-Yummie/Pods-Yummie-frameworks.sh\"\n";
			showEnvVarsInLog = 0;
		};
		ABA69DA68261703F2F826A00 /* [CP] Check Pods Manifest.lock */ = {
			isa = PBXShellScriptBuildPhase;
			buildActionMask = 2147483647;
			files = (
			);
			inputFileListPaths = (
			);
			inputPaths = (
				"${PODS_PODFILE_DIR_PATH}/Podfile.lock",
				"${PODS_ROOT}/Manifest.lock",
			);
			name = "[CP] Check Pods Manifest.lock";
			outputFileListPaths = (
			);
			outputPaths = (
				"$(DERIVED_FILE_DIR)/Pods-Yummie-checkManifestLockResult.txt",
			);
			runOnlyForDeploymentPostprocessing = 0;
			shellPath = /bin/sh;
			shellScript = "diff \"${PODS_PODFILE_DIR_PATH}/Podfile.lock\" \"${PODS_ROOT}/Manifest.lock\" > /dev/null\nif [ $? != 0 ] ; then\n    # print error to STDERR\n    echo \"error: The sandbox is not in sync with the Podfile.lock. Run 'pod install' or update your CocoaPods installation.\" >&2\n    exit 1\nfi\n# This output is used by Xcode 'outputs' to avoid re-running this script phase.\necho \"SUCCESS\" > \"${SCRIPT_OUTPUT_FILE_0}\"\n";
			showEnvVarsInLog = 0;
		};
/* End PBXShellScriptBuildPhase section */

/* Begin PBXSourcesBuildPhase section */
		489AA96C28F1E93900787E3B /* Sources */ = {
			isa = PBXSourcesBuildPhase;
			buildActionMask = 2147483647;
			files = (
				4821D55528FB62A500D2CB91 /* String+Ext.swift in Sources */,
				48364C0628F4C28100E5DBE6 /* OnboardingSlide.swift in Sources */,
				489AA97428F1E93900787E3B /* AppDelegate.swift in Sources */,
				48364C0828F4C3FC00E5DBE6 /* UIView+Ext.swift in Sources */,
				4821D55328FB625B00D2CB91 /* DishCategory.swift in Sources */,
				4821D55728FB751C00D2CB91 /* HomeViewController.swift in Sources */,
				48364C0028F4C1C600E5DBE6 /* OnboardingViewController.swift in Sources */,
				489AA97628F1E93900787E3B /* SceneDelegate.swift in Sources */,
				4821D55028FB604E00D2CB91 /* CategoryCollectionViewCell.swift in Sources */,
				4821D55A28FB83ED00D2CB91 /* CardView.swift in Sources */,
				48364C0428F4C24100E5DBE6 /* OnboardingCollectionViewCell.swift in Sources */,
				4821D56228FB8BC400D2CB91 /* Dish.swift in Sources */,
				4821D55F28FB8A7500D2CB91 /* DishPortraitCollectionViewCell.swift in Sources */,
			);
			runOnlyForDeploymentPostprocessing = 0;
		};
/* End PBXSourcesBuildPhase section */

/* Begin PBXVariantGroup section */
		489AA97928F1E93900787E3B /* Main.storyboard */ = {
			isa = PBXVariantGroup;
			children = (
				489AA97A28F1E93900787E3B /* Base */,
			);
			name = Main.storyboard;
			sourceTree = "<group>";
		};
		489AA97E28F1E93C00787E3B /* LaunchScreen.storyboard */ = {
			isa = PBXVariantGroup;
			children = (
				489AA97F28F1E93C00787E3B /* Base */,
			);
			name = LaunchScreen.storyboard;
			sourceTree = "<group>";
		};
/* End PBXVariantGroup section */

/* Begin XCBuildConfiguration section */
		489AA98228F1E93C00787E3B /* Debug */ = {
			isa = XCBuildConfiguration;
			buildSettings = {
				ALWAYS_SEARCH_USER_PATHS = NO;
				CLANG_ANALYZER_NONNULL = YES;
				CLANG_ANALYZER_NUMBER_OBJECT_CONVERSION = YES_AGGRESSIVE;
				CLANG_CXX_LANGUAGE_STANDARD = "gnu++17";
				CLANG_CXX_LIBRARY = "libc++";
				CLANG_ENABLE_MODULES = YES;
				CLANG_ENABLE_OBJC_ARC = YES;
				CLANG_ENABLE_OBJC_WEAK = YES;
				CLANG_WARN_BLOCK_CAPTURE_AUTORELEASING = YES;
				CLANG_WARN_BOOL_CONVERSION = YES;
				CLANG_WARN_COMMA = YES;
				CLANG_WARN_CONSTANT_CONVERSION = YES;
				CLANG_WARN_DEPRECATED_OBJC_IMPLEMENTATIONS = YES;
				CLANG_WARN_DIRECT_OBJC_ISA_USAGE = YES_ERROR;
				CLANG_WARN_DOCUMENTATION_COMMENTS = YES;
				CLANG_WARN_EMPTY_BODY = YES;
				CLANG_WARN_ENUM_CONVERSION = YES;
				CLANG_WARN_INFINITE_RECURSION = YES;
				CLANG_WARN_INT_CONVERSION = YES;
				CLANG_WARN_NON_LITERAL_NULL_CONVERSION = YES;
				CLANG_WARN_OBJC_IMPLICIT_RETAIN_SELF = YES;
				CLANG_WARN_OBJC_LITERAL_CONVERSION = YES;
				CLANG_WARN_OBJC_ROOT_CLASS = YES_ERROR;
				CLANG_WARN_QUOTED_INCLUDE_IN_FRAMEWORK_HEADER = YES;
				CLANG_WARN_RANGE_LOOP_ANALYSIS = YES;
				CLANG_WARN_STRICT_PROTOTYPES = YES;
				CLANG_WARN_SUSPICIOUS_MOVE = YES;
				CLANG_WARN_UNGUARDED_AVAILABILITY = YES_AGGRESSIVE;
				CLANG_WARN_UNREACHABLE_CODE = YES;
				CLANG_WARN__DUPLICATE_METHOD_MATCH = YES;
				COPY_PHASE_STRIP = NO;
				DEBUG_INFORMATION_FORMAT = dwarf;
				ENABLE_STRICT_OBJC_MSGSEND = YES;
				ENABLE_TESTABILITY = YES;
				GCC_C_LANGUAGE_STANDARD = gnu11;
				GCC_DYNAMIC_NO_PIC = NO;
				GCC_NO_COMMON_BLOCKS = YES;
				GCC_OPTIMIZATION_LEVEL = 0;
				GCC_PREPROCESSOR_DEFINITIONS = (
					"DEBUG=1",
					"$(inherited)",
				);
				GCC_WARN_64_TO_32_BIT_CONVERSION = YES;
				GCC_WARN_ABOUT_RETURN_TYPE = YES_ERROR;
				GCC_WARN_UNDECLARED_SELECTOR = YES;
				GCC_WARN_UNINITIALIZED_AUTOS = YES_AGGRESSIVE;
				GCC_WARN_UNUSED_FUNCTION = YES;
				GCC_WARN_UNUSED_VARIABLE = YES;
				IPHONEOS_DEPLOYMENT_TARGET = 15.2;
				MTL_ENABLE_DEBUG_INFO = INCLUDE_SOURCE;
				MTL_FAST_MATH = YES;
				ONLY_ACTIVE_ARCH = YES;
				SDKROOT = iphoneos;
				SWIFT_ACTIVE_COMPILATION_CONDITIONS = DEBUG;
				SWIFT_OPTIMIZATION_LEVEL = "-Onone";
			};
			name = Debug;
		};
		489AA98328F1E93C00787E3B /* Release */ = {
			isa = XCBuildConfiguration;
			buildSettings = {
				ALWAYS_SEARCH_USER_PATHS = NO;
				CLANG_ANALYZER_NONNULL = YES;
				CLANG_ANALYZER_NUMBER_OBJECT_CONVERSION = YES_AGGRESSIVE;
				CLANG_CXX_LANGUAGE_STANDARD = "gnu++17";
				CLANG_CXX_LIBRARY = "libc++";
				CLANG_ENABLE_MODULES = YES;
				CLANG_ENABLE_OBJC_ARC = YES;
				CLANG_ENABLE_OBJC_WEAK = YES;
				CLANG_WARN_BLOCK_CAPTURE_AUTORELEASING = YES;
				CLANG_WARN_BOOL_CONVERSION = YES;
				CLANG_WARN_COMMA = YES;
				CLANG_WARN_CONSTANT_CONVERSION = YES;
				CLANG_WARN_DEPRECATED_OBJC_IMPLEMENTATIONS = YES;
				CLANG_WARN_DIRECT_OBJC_ISA_USAGE = YES_ERROR;
				CLANG_WARN_DOCUMENTATION_COMMENTS = YES;
				CLANG_WARN_EMPTY_BODY = YES;
				CLANG_WARN_ENUM_CONVERSION = YES;
				CLANG_WARN_INFINITE_RECURSION = YES;
				CLANG_WARN_INT_CONVERSION = YES;
				CLANG_WARN_NON_LITERAL_NULL_CONVERSION = YES;
				CLANG_WARN_OBJC_IMPLICIT_RETAIN_SELF = YES;
				CLANG_WARN_OBJC_LITERAL_CONVERSION = YES;
				CLANG_WARN_OBJC_ROOT_CLASS = YES_ERROR;
				CLANG_WARN_QUOTED_INCLUDE_IN_FRAMEWORK_HEADER = YES;
				CLANG_WARN_RANGE_LOOP_ANALYSIS = YES;
				CLANG_WARN_STRICT_PROTOTYPES = YES;
				CLANG_WARN_SUSPICIOUS_MOVE = YES;
				CLANG_WARN_UNGUARDED_AVAILABILITY = YES_AGGRESSIVE;
				CLANG_WARN_UNREACHABLE_CODE = YES;
				CLANG_WARN__DUPLICATE_METHOD_MATCH = YES;
				COPY_PHASE_STRIP = NO;
				DEBUG_INFORMATION_FORMAT = "dwarf-with-dsym";
				ENABLE_NS_ASSERTIONS = NO;
				ENABLE_STRICT_OBJC_MSGSEND = YES;
				GCC_C_LANGUAGE_STANDARD = gnu11;
				GCC_NO_COMMON_BLOCKS = YES;
				GCC_WARN_64_TO_32_BIT_CONVERSION = YES;
				GCC_WARN_ABOUT_RETURN_TYPE = YES_ERROR;
				GCC_WARN_UNDECLARED_SELECTOR = YES;
				GCC_WARN_UNINITIALIZED_AUTOS = YES_AGGRESSIVE;
				GCC_WARN_UNUSED_FUNCTION = YES;
				GCC_WARN_UNUSED_VARIABLE = YES;
				IPHONEOS_DEPLOYMENT_TARGET = 15.2;
				MTL_ENABLE_DEBUG_INFO = NO;
				MTL_FAST_MATH = YES;
				SDKROOT = iphoneos;
				SWIFT_COMPILATION_MODE = wholemodule;
				SWIFT_OPTIMIZATION_LEVEL = "-O";
				VALIDATE_PRODUCT = YES;
			};
			name = Release;
		};
		489AA98528F1E93C00787E3B /* Debug */ = {
			isa = XCBuildConfiguration;
			baseConfigurationReference = E1EAE4B15A8B97B561C61D77 /* Pods-Yummie.debug.xcconfig */;
			buildSettings = {
				ASSETCATALOG_COMPILER_APPICON_NAME = AppIcon;
				ASSETCATALOG_COMPILER_GLOBAL_ACCENT_COLOR_NAME = AccentColor;
				CODE_SIGN_STYLE = Automatic;
				CURRENT_PROJECT_VERSION = 1;
				GENERATE_INFOPLIST_FILE = YES;
				INFOPLIST_FILE = Yummie/Info.plist;
				INFOPLIST_KEY_UIApplicationSupportsIndirectInputEvents = YES;
				INFOPLIST_KEY_UILaunchStoryboardName = LaunchScreen;
				INFOPLIST_KEY_UIMainStoryboardFile = Main;
				INFOPLIST_KEY_UISupportedInterfaceOrientations_iPad = "UIInterfaceOrientationPortrait UIInterfaceOrientationPortraitUpsideDown UIInterfaceOrientationLandscapeLeft UIInterfaceOrientationLandscapeRight";
				INFOPLIST_KEY_UISupportedInterfaceOrientations_iPhone = "UIInterfaceOrientationPortrait UIInterfaceOrientationLandscapeLeft UIInterfaceOrientationLandscapeRight";
				LD_RUNPATH_SEARCH_PATHS = (
					"$(inherited)",
					"@executable_path/Frameworks",
				);
				MARKETING_VERSION = 1.0;
				PRODUCT_BUNDLE_IDENTIFIER = mahmoudYousef.Yummie;
				PRODUCT_NAME = "$(TARGET_NAME)";
				SWIFT_EMIT_LOC_STRINGS = YES;
				SWIFT_VERSION = 5.0;
				TARGETED_DEVICE_FAMILY = "1,2";
			};
			name = Debug;
		};
		489AA98628F1E93C00787E3B /* Release */ = {
			isa = XCBuildConfiguration;
			baseConfigurationReference = 8915B6C8248B513CEF39CE70 /* Pods-Yummie.release.xcconfig */;
			buildSettings = {
				ASSETCATALOG_COMPILER_APPICON_NAME = AppIcon;
				ASSETCATALOG_COMPILER_GLOBAL_ACCENT_COLOR_NAME = AccentColor;
				CODE_SIGN_STYLE = Automatic;
				CURRENT_PROJECT_VERSION = 1;
				GENERATE_INFOPLIST_FILE = YES;
				INFOPLIST_FILE = Yummie/Info.plist;
				INFOPLIST_KEY_UIApplicationSupportsIndirectInputEvents = YES;
				INFOPLIST_KEY_UILaunchStoryboardName = LaunchScreen;
				INFOPLIST_KEY_UIMainStoryboardFile = Main;
				INFOPLIST_KEY_UISupportedInterfaceOrientations_iPad = "UIInterfaceOrientationPortrait UIInterfaceOrientationPortraitUpsideDown UIInterfaceOrientationLandscapeLeft UIInterfaceOrientationLandscapeRight";
				INFOPLIST_KEY_UISupportedInterfaceOrientations_iPhone = "UIInterfaceOrientationPortrait UIInterfaceOrientationLandscapeLeft UIInterfaceOrientationLandscapeRight";
				LD_RUNPATH_SEARCH_PATHS = (
					"$(inherited)",
					"@executable_path/Frameworks",
				);
				MARKETING_VERSION = 1.0;
				PRODUCT_BUNDLE_IDENTIFIER = mahmoudYousef.Yummie;
				PRODUCT_NAME = "$(TARGET_NAME)";
				SWIFT_EMIT_LOC_STRINGS = YES;
				SWIFT_VERSION = 5.0;
				TARGETED_DEVICE_FAMILY = "1,2";
			};
			name = Release;
		};
/* End XCBuildConfiguration section */

/* Begin XCConfigurationList section */
		489AA96B28F1E93900787E3B /* Build configuration list for PBXProject "Yummie" */ = {
			isa = XCConfigurationList;
			buildConfigurations = (
				489AA98228F1E93C00787E3B /* Debug */,
				489AA98328F1E93C00787E3B /* Release */,
			);
			defaultConfigurationIsVisible = 0;
			defaultConfigurationName = Release;
		};
		489AA98428F1E93C00787E3B /* Build configuration list for PBXNativeTarget "Yummie" */ = {
			isa = XCConfigurationList;
			buildConfigurations = (
				489AA98528F1E93C00787E3B /* Debug */,
				489AA98628F1E93C00787E3B /* Release */,
			);
			defaultConfigurationIsVisible = 0;
			defaultConfigurationName = Release;
		};
/* End XCConfigurationList section */
	};
	rootObject = 489AA96828F1E93900787E3B /* Project object */;
}
